<?xml version="1.0" encoding="utf-8"?>
<Project ToolsVersion="4.0" xmlns="http://schemas.microsoft.com/developer/msbuild/2003">
  <ItemGroup>
    <Filter Include="Source Files">
      <UniqueIdentifier>{106fd9d3-1cbf-4656-969b-e7b53f45b4bb}</UniqueIdentifier>
      <Extensions>cpp;c;cxx;def;odl;idl;hpj;bat;asm</Extensions>
    </Filter>
    <Filter Include="Header Files">
      <UniqueIdentifier>{72208b56-db97-463a-9196-cddf63cb0cea}</UniqueIdentifier>
      <Extensions>h;hpp;hxx;hm;inl;inc</Extensions>
    </Filter>
    <Filter Include="Resource Files">
      <UniqueIdentifier>{5a748b2b-f226-4da9-aa86-7b7c81cb7a55}</UniqueIdentifier>
      <Extensions>rc;ico;cur;bmp;dlg;rc2;rct;bin;rgs;jpg;jpeg;jpe;manifest</Extensions>
    </Filter>
    <Filter Include="Header Files\WebView2">
      <UniqueIdentifier>{0b72b187-61b8-419a-a970-c5602752f516}</UniqueIdentifier>
    </Filter>
    <Filter Include="Source Files\WebView2">
      <UniqueIdentifier>{0afecf81-a72f-4c47-a985-e64f3f117466}</UniqueIdentifier>
    </Filter>
    <Filter Include="Header Files\WebView2\utility">
      <UniqueIdentifier>{831191c3-6f8f-4b03-b97d-ed512adebc82}</UniqueIdentifier>
    </Filter>
    <Filter Include="Source Files\WebView2\utility">
      <UniqueIdentifier>{a34e56fd-5a2b-4bb0-b89b-49b203ee5b70}</UniqueIdentifier>
    </Filter>
  </ItemGroup>
  <ItemGroup>
    <ClCompile Include="WebView2Main.cpp">
      <Filter>Source Files</Filter>
    </ClCompile>
    <ClCompile Include="MainFrm.cpp">
      <Filter>Source Files</Filter>
    </ClCompile>
    <ClCompile Include="View.cpp">
      <Filter>Source Files</Filter>
    </ClCompile>
    <ClCompile Include="AboutDlg.cpp">
      <Filter>Source Files</Filter>
    </ClCompile>
    <ClCompile Include="WebView2Impl.cpp">
      <Filter>Source Files</Filter>
    </ClCompile>
    <ClCompile Include="logger.cpp">
      <Filter>Source Files</Filter>
    </ClCompile>
    <ClCompile Include="pch.cpp">
      <Filter>Source Files</Filter>
    </ClCompile>
    <ClCompile Include="osutility.cpp">
      <Filter>Source Files</Filter>
    </ClCompile>
    <ClCompile Include="CheckFailure.cpp">
      <Filter>Source Files</Filter>
    </ClCompile>
    <ClCompile Include="WebView2.cpp">
      <Filter>Source Files</Filter>
    </ClCompile>
    <ClCompile Include="WebViewProfile.cpp">
      <Filter>Source Files\WebView2</Filter>
    </ClCompile>
    <ClCompile Include="Utility.cpp">
      <Filter>Source Files\WebView2\utility</Filter>
    </ClCompile>
  </ItemGroup>
  <ItemGroup>
    <ClInclude Include="MainFrm.h">
      <Filter>Header Files</Filter>
    </ClInclude>
    <ClInclude Include="View.h">
      <Filter>Header Files</Filter>
    </ClInclude>
    <ClInclude Include="AboutDlg.h">
      <Filter>Header Files</Filter>
    </ClInclude>
    <ClInclude Include="resource.h">
      <Filter>Header Files</Filter>
    </ClInclude>
    <ClInclude Include="logger.h">
      <Filter>Header Files</Filter>
    </ClInclude>
    <ClInclude Include="pch.h">
      <Filter>Header Files</Filter>
    </ClInclude>
    <ClInclude Include="framework.h">
      <Filter>Header Files</Filter>
    </ClInclude>
    <ClInclude Include="osutility.h">
      <Filter>Header Files</Filter>
    </ClInclude>
    <ClInclude Include="CheckFailure.h">
      <Filter>Header Files</Filter>
    </ClInclude>
    <ClInclude Include="WebView2.h">
      <Filter>Header Files</Filter>
    </ClInclude>
    <ClInclude Include="WebView2Impl.h">
      <Filter>Header Files\WebView2</Filter>
    </ClInclude>
    <ClInclude Include="WebViewProfile.h">
      <Filter>Header Files\WebView2</Filter>
    </ClInclude>
    <ClInclude Include="Utility.h">
      <Filter>Header Files\WebView2\utility</Filter>
    </ClInclude>
  </ItemGroup>
  <ItemGroup>
    <ResourceCompile Include="WebView2.rc">
      <Filter>Resource Files</Filter>
    </ResourceCompile>
  </ItemGroup>
  <ItemGroup>
    <Image Include="res\toolbar.bmp">
      <Filter>Resource Files</Filter>
    </Image>
    <Image Include="res\WebView2.ico">
      <Filter>Resource Files</Filter>
    </Image>
  </ItemGroup>
  <ItemGroup>
    <None Include="vcpkg.json" />
  </ItemGroup>
</Project>